// !$*UTF8*$!
{
	archiveVersion = 1;
	classes = {
	};
	objectVersion = 50;
	objects = {

/* Begin PBXBuildFile section */
		1392AA1723DD08F900990354 /* CameraViewController.swift in Sources */ = {isa = PBXBuildFile; fileRef = 1392AA1623DD08F900990354 /* CameraViewController.swift */; };
		3464B0C523DCE9A800D649C3 /* AppDelegate.swift in Sources */ = {isa = PBXBuildFile; fileRef = 3464B0C423DCE9A800D649C3 /* AppDelegate.swift */; };
		3464B0C723DCE9A800D649C3 /* SceneDelegate.swift in Sources */ = {isa = PBXBuildFile; fileRef = 3464B0C623DCE9A800D649C3 /* SceneDelegate.swift */; };
		3464B0C923DCE9A800D649C3 /* FirstViewController.swift in Sources */ = {isa = PBXBuildFile; fileRef = 3464B0C823DCE9A800D649C3 /* FirstViewController.swift */; };
		3464B0CB23DCE9A800D649C3 /* SecondViewController.swift in Sources */ = {isa = PBXBuildFile; fileRef = 3464B0CA23DCE9A800D649C3 /* SecondViewController.swift */; };
		3464B0CE23DCE9A800D649C3 /* Main.storyboard in Resources */ = {isa = PBXBuildFile; fileRef = 3464B0CC23DCE9A800D649C3 /* Main.storyboard */; };
		3464B0D023DCE9A900D649C3 /* Assets.xcassets in Resources */ = {isa = PBXBuildFile; fileRef = 3464B0CF23DCE9A900D649C3 /* Assets.xcassets */; };
		3464B0D323DCE9A900D649C3 /* LaunchScreen.storyboard in Resources */ = {isa = PBXBuildFile; fileRef = 3464B0D123DCE9A900D649C3 /* LaunchScreen.storyboard */; };
		3464B0DE23DCE9AA00D649C3 /* FlightCheckTests.swift in Sources */ = {isa = PBXBuildFile; fileRef = 3464B0DD23DCE9AA00D649C3 /* FlightCheckTests.swift */; };
		3464B0E923DCE9AA00D649C3 /* FlightCheckUITests.swift in Sources */ = {isa = PBXBuildFile; fileRef = 3464B0E823DCE9AA00D649C3 /* FlightCheckUITests.swift */; };
		3464B0F723DCFA9500D649C3 /* checkCell.swift in Sources */ = {isa = PBXBuildFile; fileRef = 3464B0F623DCFA9500D649C3 /* checkCell.swift */; };
/* End PBXBuildFile section */

/* Begin PBXContainerItemProxy section */
		3464B0DA23DCE9AA00D649C3 /* PBXContainerItemProxy */ = {
			isa = PBXContainerItemProxy;
			containerPortal = 3464B0B923DCE9A800D649C3 /* Project object */;
			proxyType = 1;
			remoteGlobalIDString = 3464B0C023DCE9A800D649C3;
			remoteInfo = FlightCheck;
		};
		3464B0E523DCE9AA00D649C3 /* PBXContainerItemProxy */ = {
			isa = PBXContainerItemProxy;
			containerPortal = 3464B0B923DCE9A800D649C3 /* Project object */;
			proxyType = 1;
			remoteGlobalIDString = 3464B0C023DCE9A800D649C3;
			remoteInfo = FlightCheck;
		};
/* End PBXContainerItemProxy section */

/* Begin PBXFileReference section */
		1392AA1623DD08F900990354 /* CameraViewController.swift */ = {isa = PBXFileReference; lastKnownFileType = sourcecode.swift; path = CameraViewController.swift; sourceTree = "<group>"; };
		3464B0C123DCE9A800D649C3 /* FlightCheck.app */ = {isa = PBXFileReference; explicitFileType = wrapper.application; includeInIndex = 0; path = FlightCheck.app; sourceTree = BUILT_PRODUCTS_DIR; };
		3464B0C423DCE9A800D649C3 /* AppDelegate.swift */ = {isa = PBXFileReference; lastKnownFileType = sourcecode.swift; path = AppDelegate.swift; sourceTree = "<group>"; };
		3464B0C623DCE9A800D649C3 /* SceneDelegate.swift */ = {isa = PBXFileReference; lastKnownFileType = sourcecode.swift; path = SceneDelegate.swift; sourceTree = "<group>"; };
		3464B0C823DCE9A800D649C3 /* FirstViewController.swift */ = {isa = PBXFileReference; lastKnownFileType = sourcecode.swift; path = FirstViewController.swift; sourceTree = "<group>"; };
		3464B0CA23DCE9A800D649C3 /* SecondViewController.swift */ = {isa = PBXFileReference; lastKnownFileType = sourcecode.swift; path = SecondViewController.swift; sourceTree = "<group>"; };
		3464B0CD23DCE9A800D649C3 /* Base */ = {isa = PBXFileReference; lastKnownFileType = file.storyboard; name = Base; path = Base.lproj/Main.storyboard; sourceTree = "<group>"; };
		3464B0CF23DCE9A900D649C3 /* Assets.xcassets */ = {isa = PBXFileReference; lastKnownFileType = folder.assetcatalog; path = Assets.xcassets; sourceTree = "<group>"; };
		3464B0D223DCE9A900D649C3 /* Base */ = {isa = PBXFileReference; lastKnownFileType = file.storyboard; name = Base; path = Base.lproj/LaunchScreen.storyboard; sourceTree = "<group>"; };
		3464B0D423DCE9A900D649C3 /* Info.plist */ = {isa = PBXFileReference; lastKnownFileType = text.plist.xml; path = Info.plist; sourceTree = "<group>"; };
		3464B0D923DCE9AA00D649C3 /* FlightCheckTests.xctest */ = {isa = PBXFileReference; explicitFileType = wrapper.cfbundle; includeInIndex = 0; path = FlightCheckTests.xctest; sourceTree = BUILT_PRODUCTS_DIR; };
		3464B0DD23DCE9AA00D649C3 /* FlightCheckTests.swift */ = {isa = PBXFileReference; lastKnownFileType = sourcecode.swift; path = FlightCheckTests.swift; sourceTree = "<group>"; };
		3464B0DF23DCE9AA00D649C3 /* Info.plist */ = {isa = PBXFileReference; lastKnownFileType = text.plist.xml; path = Info.plist; sourceTree = "<group>"; };
		3464B0E423DCE9AA00D649C3 /* FlightCheckUITests.xctest */ = {isa = PBXFileReference; explicitFileType = wrapper.cfbundle; includeInIndex = 0; path = FlightCheckUITests.xctest; sourceTree = BUILT_PRODUCTS_DIR; };
		3464B0E823DCE9AA00D649C3 /* FlightCheckUITests.swift */ = {isa = PBXFileReference; lastKnownFileType = sourcecode.swift; path = FlightCheckUITests.swift; sourceTree = "<group>"; };
		3464B0EA23DCE9AA00D649C3 /* Info.plist */ = {isa = PBXFileReference; lastKnownFileType = text.plist.xml; path = Info.plist; sourceTree = "<group>"; };
		3464B0F623DCFA9500D649C3 /* checkCell.swift */ = {isa = PBXFileReference; lastKnownFileType = sourcecode.swift; path = checkCell.swift; sourceTree = "<group>"; };
/* End PBXFileReference section */

/* Begin PBXFrameworksBuildPhase section */
		3464B0BE23DCE9A800D649C3 /* Frameworks */ = {
			isa = PBXFrameworksBuildPhase;
			buildActionMask = 2147483647;
			files = (
			);
			runOnlyForDeploymentPostprocessing = 0;
		};
		3464B0D623DCE9AA00D649C3 /* Frameworks */ = {
			isa = PBXFrameworksBuildPhase;
			buildActionMask = 2147483647;
			files = (
			);
			runOnlyForDeploymentPostprocessing = 0;
		};
		3464B0E123DCE9AA00D649C3 /* Frameworks */ = {
			isa = PBXFrameworksBuildPhase;
			buildActionMask = 2147483647;
			files = (
			);
			runOnlyForDeploymentPostprocessing = 0;
		};
/* End PBXFrameworksBuildPhase section */

/* Begin PBXGroup section */
		3464B0B823DCE9A800D649C3 = {
			isa = PBXGroup;
			children = (
				3464B0C323DCE9A800D649C3 /* FlightCheck */,
				3464B0DC23DCE9AA00D649C3 /* FlightCheckTests */,
				3464B0E723DCE9AA00D649C3 /* FlightCheckUITests */,
				3464B0C223DCE9A800D649C3 /* Products */,
			);
			sourceTree = "<group>";
		};
		3464B0C223DCE9A800D649C3 /* Products */ = {
			isa = PBXGroup;
			children = (
				3464B0C123DCE9A800D649C3 /* FlightCheck.app */,
				3464B0D923DCE9AA00D649C3 /* FlightCheckTests.xctest */,
				3464B0E423DCE9AA00D649C3 /* FlightCheckUITests.xctest */,
			);
			name = Products;
			sourceTree = "<group>";
		};
		3464B0C323DCE9A800D649C3 /* FlightCheck */ = {
			isa = PBXGroup;
			children = (
				3464B0C423DCE9A800D649C3 /* AppDelegate.swift */,
				3464B0C623DCE9A800D649C3 /* SceneDelegate.swift */,
				3464B0C823DCE9A800D649C3 /* FirstViewController.swift */,
				3464B0CA23DCE9A800D649C3 /* SecondViewController.swift */,
				1392AA1623DD08F900990354 /* CameraViewController.swift */,
				3464B0CC23DCE9A800D649C3 /* Main.storyboard */,
				3464B0F623DCFA9500D649C3 /* checkCell.swift */,
				3464B0CF23DCE9A900D649C3 /* Assets.xcassets */,
				3464B0D123DCE9A900D649C3 /* LaunchScreen.storyboard */,
				3464B0D423DCE9A900D649C3 /* Info.plist */,
			);
			path = FlightCheck;
			sourceTree = "<group>";
		};
		3464B0DC23DCE9AA00D649C3 /* FlightCheckTests */ = {
			isa = PBXGroup;
			children = (
				3464B0DD23DCE9AA00D649C3 /* FlightCheckTests.swift */,
				3464B0DF23DCE9AA00D649C3 /* Info.plist */,
			);
			path = FlightCheckTests;
			sourceTree = "<group>";
		};
		3464B0E723DCE9AA00D649C3 /* FlightCheckUITests */ = {
			isa = PBXGroup;
			children = (
				3464B0E823DCE9AA00D649C3 /* FlightCheckUITests.swift */,
				3464B0EA23DCE9AA00D649C3 /* Info.plist */,
			);
			path = FlightCheckUITests;
			sourceTree = "<group>";
		};
/* End PBXGroup section */

/* Begin PBXNativeTarget section */
		3464B0C023DCE9A800D649C3 /* FlightCheck */ = {
			isa = PBXNativeTarget;
			buildConfigurationList = 3464B0ED23DCE9AA00D649C3 /* Build configuration list for PBXNativeTarget "FlightCheck" */;
			buildPhases = (
				3464B0BD23DCE9A800D649C3 /* Sources */,
				3464B0BE23DCE9A800D649C3 /* Frameworks */,
				3464B0BF23DCE9A800D649C3 /* Resources */,
			);
			buildRules = (
			);
			dependencies = (
			);
			name = FlightCheck;
			productName = FlightCheck;
			productReference = 3464B0C123DCE9A800D649C3 /* FlightCheck.app */;
			productType = "com.apple.product-type.application";
		};
		3464B0D823DCE9AA00D649C3 /* FlightCheckTests */ = {
			isa = PBXNativeTarget;
			buildConfigurationList = 3464B0F023DCE9AA00D649C3 /* Build configuration list for PBXNativeTarget "FlightCheckTests" */;
			buildPhases = (
				3464B0D523DCE9AA00D649C3 /* Sources */,
				3464B0D623DCE9AA00D649C3 /* Frameworks */,
				3464B0D723DCE9AA00D649C3 /* Resources */,
			);
			buildRules = (
			);
			dependencies = (
				3464B0DB23DCE9AA00D649C3 /* PBXTargetDependency */,
			);
			name = FlightCheckTests;
			productName = FlightCheckTests;
			productReference = 3464B0D923DCE9AA00D649C3 /* FlightCheckTests.xctest */;
			productType = "com.apple.product-type.bundle.unit-test";
		};
		3464B0E323DCE9AA00D649C3 /* FlightCheckUITests */ = {
			isa = PBXNativeTarget;
			buildConfigurationList = 3464B0F323DCE9AA00D649C3 /* Build configuration list for PBXNativeTarget "FlightCheckUITests" */;
			buildPhases = (
				3464B0E023DCE9AA00D649C3 /* Sources */,
				3464B0E123DCE9AA00D649C3 /* Frameworks */,
				3464B0E223DCE9AA00D649C3 /* Resources */,
			);
			buildRules = (
			);
			dependencies = (
				3464B0E623DCE9AA00D649C3 /* PBXTargetDependency */,
			);
			name = FlightCheckUITests;
			productName = FlightCheckUITests;
			productReference = 3464B0E423DCE9AA00D649C3 /* FlightCheckUITests.xctest */;
			productType = "com.apple.product-type.bundle.ui-testing";
		};
/* End PBXNativeTarget section */

/* Begin PBXProject section */
		3464B0B923DCE9A800D649C3 /* Project object */ = {
			isa = PBXProject;
			attributes = {
				LastSwiftUpdateCheck = 1130;
				LastUpgradeCheck = 1130;
				ORGANIZATIONNAME = "Matthew Onghai";
				TargetAttributes = {
					3464B0C023DCE9A800D649C3 = {
						CreatedOnToolsVersion = 11.3.1;
					};
					3464B0D823DCE9AA00D649C3 = {
						CreatedOnToolsVersion = 11.3.1;
						TestTargetID = 3464B0C023DCE9A800D649C3;
					};
					3464B0E323DCE9AA00D649C3 = {
						CreatedOnToolsVersion = 11.3.1;
						TestTargetID = 3464B0C023DCE9A800D649C3;
					};
				};
			};
			buildConfigurationList = 3464B0BC23DCE9A800D649C3 /* Build configuration list for PBXProject "FlightCheck" */;
			compatibilityVersion = "Xcode 9.3";
			developmentRegion = en;
			hasScannedForEncodings = 0;
			knownRegions = (
				en,
				Base,
			);
			mainGroup = 3464B0B823DCE9A800D649C3;
			productRefGroup = 3464B0C223DCE9A800D649C3 /* Products */;
			projectDirPath = "";
			projectRoot = "";
			targets = (
				3464B0C023DCE9A800D649C3 /* FlightCheck */,
				3464B0D823DCE9AA00D649C3 /* FlightCheckTests */,
				3464B0E323DCE9AA00D649C3 /* FlightCheckUITests */,
			);
		};
/* End PBXProject section */

/* Begin PBXResourcesBuildPhase section */
		3464B0BF23DCE9A800D649C3 /* Resources */ = {
			isa = PBXResourcesBuildPhase;
			buildActionMask = 2147483647;
			files = (
				3464B0D323DCE9A900D649C3 /* LaunchScreen.storyboard in Resources */,
				3464B0D023DCE9A900D649C3 /* Assets.xcassets in Resources */,
				3464B0CE23DCE9A800D649C3 /* Main.storyboard in Resources */,
			);
			runOnlyForDeploymentPostprocessing = 0;
		};
		3464B0D723DCE9AA00D649C3 /* Resources */ = {
			isa = PBXResourcesBuildPhase;
			buildActionMask = 2147483647;
			files = (
			);
			runOnlyForDeploymentPostprocessing = 0;
		};
		3464B0E223DCE9AA00D649C3 /* Resources */ = {
			isa = PBXResourcesBuildPhase;
			buildActionMask = 2147483647;
			files = (
			);
			runOnlyForDeploymentPostprocessing = 0;
		};
/* End PBXResourcesBuildPhase section */

/* Begin PBXSourcesBuildPhase section */
		3464B0BD23DCE9A800D649C3 /* Sources */ = {
			isa = PBXSourcesBuildPhase;
			buildActionMask = 2147483647;
			files = (
				3464B0CB23DCE9A800D649C3 /* SecondViewController.swift in Sources */,
				3464B0F723DCFA9500D649C3 /* checkCell.swift in Sources */,
				3464B0C923DCE9A800D649C3 /* FirstViewController.swift in Sources */,
				3464B0C523DCE9A800D649C3 /* AppDelegate.swift in Sources */,
				3464B0C723DCE9A800D649C3 /* SceneDelegate.swift in Sources */,
				1392AA1723DD08F900990354 /* CameraViewController.swift in Sources */,
			);
			runOnlyForDeploymentPostprocessing = 0;
		};
		3464B0D523DCE9AA00D649C3 /* Sources */ = {
			isa = PBXSourcesBuildPhase;
			buildActionMask = 2147483647;
			files = (
				3464B0DE23DCE9AA00D649C3 /* FlightCheckTests.swift in Sources */,
			);
			runOnlyForDeploymentPostprocessing = 0;
		};
		3464B0E023DCE9AA00D649C3 /* Sources */ = {
			isa = PBXSourcesBuildPhase;
			buildActionMask = 2147483647;
			files = (
				3464B0E923DCE9AA00D649C3 /* FlightCheckUITests.swift in Sources */,
			);
			runOnlyForDeploymentPostprocessing = 0;
		};
/* End PBXSourcesBuildPhase section */

/* Begin PBXTargetDependency section */
		3464B0DB23DCE9AA00D649C3 /* PBXTargetDependency */ = {
			isa = PBXTargetDependency;
			target = 3464B0C023DCE9A800D649C3 /* FlightCheck */;
			targetProxy = 3464B0DA23DCE9AA00D649C3 /* PBXContainerItemProxy */;
		};
		3464B0E623DCE9AA00D649C3 /* PBXTargetDependency */ = {
			isa = PBXTargetDependency;
			target = 3464B0C023DCE9A800D649C3 /* FlightCheck */;
			targetProxy = 3464B0E523DCE9AA00D649C3 /* PBXContainerItemProxy */;
		};
/* End PBXTargetDependency section */

/* Begin PBXVariantGroup section */
		3464B0CC23DCE9A800D649C3 /* Main.storyboard */ = {
			isa = PBXVariantGroup;
			children = (
				3464B0CD23DCE9A800D649C3 /* Base */,
			);
			name = Main.storyboard;
			sourceTree = "<group>";
		};
		3464B0D123DCE9A900D649C3 /* LaunchScreen.storyboard */ = {
			isa = PBXVariantGroup;
			children = (
				3464B0D223DCE9A900D649C3 /* Base */,
			);
			name = LaunchScreen.storyboard;
			sourceTree = "<group>";
		};
/* End PBXVariantGroup section */

/* Begin XCBuildConfiguration section */
		3464B0EB23DCE9AA00D649C3 /* Debug */ = {
			isa = XCBuildConfiguration;
			buildSettings = {
				ALWAYS_SEARCH_USER_PATHS = NO;
				CLANG_ANALYZER_NONNULL = YES;
				CLANG_ANALYZER_NUMBER_OBJECT_CONVERSION = YES_AGGRESSIVE;
				CLANG_CXX_LANGUAGE_STANDARD = "gnu++14";
				CLANG_CXX_LIBRARY = "libc++";
				CLANG_ENABLE_MODULES = YES;
				CLANG_ENABLE_OBJC_ARC = YES;
				CLANG_ENABLE_OBJC_WEAK = YES;
				CLANG_WARN_BLOCK_CAPTURE_AUTORELEASING = YES;
				CLANG_WARN_BOOL_CONVERSION = YES;
				CLANG_WARN_COMMA = YES;
				CLANG_WARN_CONSTANT_CONVERSION = YES;
				CLANG_WARN_DEPRECATED_OBJC_IMPLEMENTATIONS = YES;
				CLANG_WARN_DIRECT_OBJC_ISA_USAGE = YES_ERROR;
				CLANG_WARN_DOCUMENTATION_COMMENTS = YES;
				CLANG_WARN_EMPTY_BODY = YES;
				CLANG_WARN_ENUM_CONVERSION = YES;
				CLANG_WARN_INFINITE_RECURSION = YES;
				CLANG_WARN_INT_CONVERSION = YES;
				CLANG_WARN_NON_LITERAL_NULL_CONVERSION = YES;
				CLANG_WARN_OBJC_IMPLICIT_RETAIN_SELF = YES;
				CLANG_WARN_OBJC_LITERAL_CONVERSION = YES;
				CLANG_WARN_OBJC_ROOT_CLASS = YES_ERROR;
				CLANG_WARN_RANGE_LOOP_ANALYSIS = YES;
				CLANG_WARN_STRICT_PROTOTYPES = YES;
				CLANG_WARN_SUSPICIOUS_MOVE = YES;
				CLANG_WARN_UNGUARDED_AVAILABILITY = YES_AGGRESSIVE;
				CLANG_WARN_UNREACHABLE_CODE = YES;
				CLANG_WARN__DUPLICATE_METHOD_MATCH = YES;
				COPY_PHASE_STRIP = NO;
				DEBUG_INFORMATION_FORMAT = dwarf;
				ENABLE_STRICT_OBJC_MSGSEND = YES;
				ENABLE_TESTABILITY = YES;
				GCC_C_LANGUAGE_STANDARD = gnu11;
				GCC_DYNAMIC_NO_PIC = NO;
				GCC_NO_COMMON_BLOCKS = YES;
				GCC_OPTIMIZATION_LEVEL = 0;
				GCC_PREPROCESSOR_DEFINITIONS = (
					"DEBUG=1",
					"$(inherited)",
				);
				GCC_WARN_64_TO_32_BIT_CONVERSION = YES;
				GCC_WARN_ABOUT_RETURN_TYPE = YES_ERROR;
				GCC_WARN_UNDECLARED_SELECTOR = YES;
				GCC_WARN_UNINITIALIZED_AUTOS = YES_AGGRESSIVE;
				GCC_WARN_UNUSED_FUNCTION = YES;
				GCC_WARN_UNUSED_VARIABLE = YES;
				IPHONEOS_DEPLOYMENT_TARGET = 13.2;
				MTL_ENABLE_DEBUG_INFO = INCLUDE_SOURCE;
				MTL_FAST_MATH = YES;
				ONLY_ACTIVE_ARCH = YES;
				SDKROOT = iphoneos;
				SWIFT_ACTIVE_COMPILATION_CONDITIONS = DEBUG;
				SWIFT_OPTIMIZATION_LEVEL = "-Onone";
			};
			name = Debug;
		};
		3464B0EC23DCE9AA00D649C3 /* Release */ = {
			isa = XCBuildConfiguration;
			buildSettings = {
				ALWAYS_SEARCH_USER_PATHS = NO;
				CLANG_ANALYZER_NONNULL = YES;
				CLANG_ANALYZER_NUMBER_OBJECT_CONVERSION = YES_AGGRESSIVE;
				CLANG_CXX_LANGUAGE_STANDARD = "gnu++14";
				CLANG_CXX_LIBRARY = "libc++";
				CLANG_ENABLE_MODULES = YES;
				CLANG_ENABLE_OBJC_ARC = YES;
				CLANG_ENABLE_OBJC_WEAK = YES;
				CLANG_WARN_BLOCK_CAPTURE_AUTORELEASING = YES;
				CLANG_WARN_BOOL_CONVERSION = YES;
				CLANG_WARN_COMMA = YES;
				CLANG_WARN_CONSTANT_CONVERSION = YES;
				CLANG_WARN_DEPRECATED_OBJC_IMPLEMENTATIONS = YES;
				CLANG_WARN_DIRECT_OBJC_ISA_USAGE = YES_ERROR;
				CLANG_WARN_DOCUMENTATION_COMMENTS = YES;
				CLANG_WARN_EMPTY_BODY = YES;
				CLANG_WARN_ENUM_CONVERSION = YES;
				CLANG_WARN_INFINITE_RECURSION = YES;
				CLANG_WARN_INT_CONVERSION = YES;
				CLANG_WARN_NON_LITERAL_NULL_CONVERSION = YES;
				CLANG_WARN_OBJC_IMPLICIT_RETAIN_SELF = YES;
				CLANG_WARN_OBJC_LITERAL_CONVERSION = YES;
				CLANG_WARN_OBJC_ROOT_CLASS = YES_ERROR;
				CLANG_WARN_RANGE_LOOP_ANALYSIS = YES;
				CLANG_WARN_STRICT_PROTOTYPES = YES;
				CLANG_WARN_SUSPICIOUS_MOVE = YES;
				CLANG_WARN_UNGUARDED_AVAILABILITY = YES_AGGRESSIVE;
				CLANG_WARN_UNREACHABLE_CODE = YES;
				CLANG_WARN__DUPLICATE_METHOD_MATCH = YES;
				COPY_PHASE_STRIP = NO;
				DEBUG_INFORMATION_FORMAT = "dwarf-with-dsym";
				ENABLE_NS_ASSERTIONS = NO;
				ENABLE_STRICT_OBJC_MSGSEND = YES;
				GCC_C_LANGUAGE_STANDARD = gnu11;
				GCC_NO_COMMON_BLOCKS = YES;
				GCC_WARN_64_TO_32_BIT_CONVERSION = YES;
				GCC_WARN_ABOUT_RETURN_TYPE = YES_ERROR;
				GCC_WARN_UNDECLARED_SELECTOR = YES;
				GCC_WARN_UNINITIALIZED_AUTOS = YES_AGGRESSIVE;
				GCC_WARN_UNUSED_FUNCTION = YES;
				GCC_WARN_UNUSED_VARIABLE = YES;
				IPHONEOS_DEPLOYMENT_TARGET = 13.2;
				MTL_ENABLE_DEBUG_INFO = NO;
				MTL_FAST_MATH = YES;
				SDKROOT = iphoneos;
				SWIFT_COMPILATION_MODE = wholemodule;
				SWIFT_OPTIMIZATION_LEVEL = "-O";
				VALIDATE_PRODUCT = YES;
			};
			name = Release;
		};
		3464B0EE23DCE9AA00D649C3 /* Debug */ = {
			isa = XCBuildConfiguration;
			buildSettings = {
				ASSETCATALOG_COMPILER_APPICON_NAME = AppIcon;
				CODE_SIGN_STYLE = Automatic;
				INFOPLIST_FILE = FlightCheck/Info.plist;
				LD_RUNPATH_SEARCH_PATHS = (
					"$(inherited)",
					"@executable_path/Frameworks",
				);
				PRODUCT_BUNDLE_IDENTIFIER = GucciGheith.FlightCheck;
				PRODUCT_NAME = "$(TARGET_NAME)";
				SWIFT_VERSION = 5.0;
				TARGETED_DEVICE_FAMILY = "1,2";
			};
			name = Debug;
		};
		3464B0EF23DCE9AA00D649C3 /* Release */ = {
			isa = XCBuildConfiguration;
			buildSettings = {
				ASSETCATALOG_COMPILER_APPICON_NAME = AppIcon;
				CODE_SIGN_STYLE = Automatic;
				INFOPLIST_FILE = FlightCheck/Info.plist;
				LD_RUNPATH_SEARCH_PATHS = (
					"$(inherited)",
					"@executable_path/Frameworks",
				);
				PRODUCT_BUNDLE_IDENTIFIER = GucciGheith.FlightCheck;
				PRODUCT_NAME = "$(TARGET_NAME)";
				SWIFT_VERSION = 5.0;
				TARGETED_DEVICE_FAMILY = "1,2";
			};
			name = Release;
		};
		3464B0F123DCE9AA00D649C3 /* Debug */ = {
			isa = XCBuildConfiguration;
			buildSettings = {
				ALWAYS_EMBED_SWIFT_STANDARD_LIBRARIES = YES;
				BUNDLE_LOADER = "$(TEST_HOST)";
				CODE_SIGN_STYLE = Automatic;
				INFOPLIST_FILE = FlightCheckTests/Info.plist;
				IPHONEOS_DEPLOYMENT_TARGET = 13.2;
				LD_RUNPATH_SEARCH_PATHS = (
					"$(inherited)",
					"@executable_path/Frameworks",
					"@loader_path/Frameworks",
				);
				PRODUCT_BUNDLE_IDENTIFIER = GucciGheith.FlightCheckTests;
				PRODUCT_NAME = "$(TARGET_NAME)";
				SWIFT_VERSION = 5.0;
				TARGETED_DEVICE_FAMILY = "1,2";
				TEST_HOST = "$(BUILT_PRODUCTS_DIR)/FlightCheck.app/FlightCheck";
			};
			name = Debug;
		};
		3464B0F223DCE9AA00D649C3 /* Release */ = {
			isa = XCBuildConfiguration;
			buildSettings = {
				ALWAYS_EMBED_SWIFT_STANDARD_LIBRARIES = YES;
				BUNDLE_LOADER = "$(TEST_HOST)";
				CODE_SIGN_STYLE = Automatic;
				INFOPLIST_FILE = FlightCheckTests/Info.plist;
				IPHONEOS_DEPLOYMENT_TARGET = 13.2;
				LD_RUNPATH_SEARCH_PATHS = (
					"$(inherited)",
					"@executable_path/Frameworks",
					"@loader_path/Frameworks",
				);
				PRODUCT_BUNDLE_IDENTIFIER = GucciGheith.FlightCheckTests;
				PRODUCT_NAME = "$(TARGET_NAME)";
				SWIFT_VERSION = 5.0;
				TARGETED_DEVICE_FAMILY = "1,2";
				TEST_HOST = "$(BUILT_PRODUCTS_DIR)/FlightCheck.app/FlightCheck";
			};
			name = Release;
		};
		3464B0F423DCE9AA00D649C3 /* Debug */ = {
			isa = XCBuildConfiguration;
			buildSettings = {
				ALWAYS_EMBED_SWIFT_STANDARD_LIBRARIES = YES;
				CODE_SIGN_STYLE = Automatic;
				INFOPLIST_FILE = FlightCheckUITests/Info.plist;
				LD_RUNPATH_SEARCH_PATHS = (
					"$(inherited)",
					"@executable_path/Frameworks",
					"@loader_path/Frameworks",
				);
				PRODUCT_BUNDLE_IDENTIFIER = GucciGheith.FlightCheckUITests;
				PRODUCT_NAME = "$(TARGET_NAME)";
				SWIFT_VERSION = 5.0;
				TARGETED_DEVICE_FAMILY = "1,2";
				TEST_TARGET_NAME = FlightCheck;
			};
			name = Debug;
		};
		3464B0F523DCE9AA00D649C3 /* Release */ = {
			isa = XCBuildConfiguration;
			buildSettings = {
				ALWAYS_EMBED_SWIFT_STANDARD_LIBRARIES = YES;
				CODE_SIGN_STYLE = Automatic;
				INFOPLIST_FILE = FlightCheckUITests/Info.plist;
				LD_RUNPATH_SEARCH_PATHS = (
					"$(inherited)",
					"@executable_path/Frameworks",
					"@loader_path/Frameworks",
				);
				PRODUCT_BUNDLE_IDENTIFIER = GucciGheith.FlightCheckUITests;
				PRODUCT_NAME = "$(TARGET_NAME)";
				SWIFT_VERSION = 5.0;
				TARGETED_DEVICE_FAMILY = "1,2";
				TEST_TARGET_NAME = FlightCheck;
			};
			name = Release;
		};
/* End XCBuildConfiguration section */

/* Begin XCConfigurationList section */
		3464B0BC23DCE9A800D649C3 /* Build configuration list for PBXProject "FlightCheck" */ = {
			isa = XCConfigurationList;
			buildConfigurations = (
				3464B0EB23DCE9AA00D649C3 /* Debug */,
				3464B0EC23DCE9AA00D649C3 /* Release */,
			);
			defaultConfigurationIsVisible = 0;
			defaultConfigurationName = Release;
		};
		3464B0ED23DCE9AA00D649C3 /* Build configuration list for PBXNativeTarget "FlightCheck" */ = {
			isa = XCConfigurationList;
			buildConfigurations = (
				3464B0EE23DCE9AA00D649C3 /* Debug */,
				3464B0EF23DCE9AA00D649C3 /* Release */,
			);
			defaultConfigurationIsVisible = 0;
			defaultConfigurationName = Release;
		};
		3464B0F023DCE9AA00D649C3 /* Build configuration list for PBXNativeTarget "FlightCheckTests" */ = {
			isa = XCConfigurationList;
			buildConfigurations = (
				3464B0F123DCE9AA00D649C3 /* Debug */,
				3464B0F223DCE9AA00D649C3 /* Release */,
			);
			defaultConfigurationIsVisible = 0;
			defaultConfigurationName = Release;
		};
		3464B0F323DCE9AA00D649C3 /* Build configuration list for PBXNativeTarget "FlightCheckUITests" */ = {
			isa = XCConfigurationList;
			buildConfigurations = (
				3464B0F423DCE9AA00D649C3 /* Debug */,
				3464B0F523DCE9AA00D649C3 /* Release */,
			);
			defaultConfigurationIsVisible = 0;
			defaultConfigurationName = Release;
		};
/* End XCConfigurationList section */
	};
	rootObject = 3464B0B923DCE9A800D649C3 /* Project object */;
}
